// !$*UTF8*$!
{
	archiveVersion = 1;
	classes = {
	};
	objectVersion = 51;
	objects = {

/* Begin PBXBuildFile section */
		07222FC323D350DA000C4E95 /* ScreenShotCell.swift in Sources */ = {isa = PBXBuildFile; fileRef = 07222FC123D350DA000C4E95 /* ScreenShotCell.swift */; };
		07222FC423D350DA000C4E95 /* ScreenShotCell.xib in Resources */ = {isa = PBXBuildFile; fileRef = 07222FC223D350DA000C4E95 /* ScreenShotCell.xib */; };
		074F5D3D23C610160044DAEA /* GameDetailVC.swift in Sources */ = {isa = PBXBuildFile; fileRef = 074F5D3C23C610160044DAEA /* GameDetailVC.swift */; };
		075D5FCF23DC9BFA00252E82 /* StoreDetailsVC.swift in Sources */ = {isa = PBXBuildFile; fileRef = 075D5FCE23DC9BFA00252E82 /* StoreDetailsVC.swift */; };
		0780A72923D1F10100262483 /* TabBarVC.swift in Sources */ = {isa = PBXBuildFile; fileRef = 0780A72823D1F10100262483 /* TabBarVC.swift */; };
		0780A74B23D208BD00262483 /* GameDetails.swift in Sources */ = {isa = PBXBuildFile; fileRef = 0780A74A23D208BD00262483 /* GameDetails.swift */; };
		0780A74D23D24B0200262483 /* Store.swift in Sources */ = {isa = PBXBuildFile; fileRef = 0780A74C23D24B0200262483 /* Store.swift */; };
		0780A75123D24EE700262483 /* StoreCell.swift in Sources */ = {isa = PBXBuildFile; fileRef = 0780A74F23D24EE700262483 /* StoreCell.swift */; };
		0780A75223D24EE700262483 /* StoreCell.xib in Resources */ = {isa = PBXBuildFile; fileRef = 0780A75023D24EE700262483 /* StoreCell.xib */; };
		07BBB0AE23AD1060001949BE /* AppDelegate.swift in Sources */ = {isa = PBXBuildFile; fileRef = 07BBB0AD23AD1060001949BE /* AppDelegate.swift */; };
		07BBB0B023AD1060001949BE /* SceneDelegate.swift in Sources */ = {isa = PBXBuildFile; fileRef = 07BBB0AF23AD1060001949BE /* SceneDelegate.swift */; };
		07BBB0B223AD1060001949BE /* HomeVC.swift in Sources */ = {isa = PBXBuildFile; fileRef = 07BBB0B123AD1060001949BE /* HomeVC.swift */; };
		07BBB0B523AD1060001949BE /* Main.storyboard in Resources */ = {isa = PBXBuildFile; fileRef = 07BBB0B323AD1060001949BE /* Main.storyboard */; };
		07BBB0B723AD1063001949BE /* Assets.xcassets in Resources */ = {isa = PBXBuildFile; fileRef = 07BBB0B623AD1063001949BE /* Assets.xcassets */; };
		07BBB0BA23AD1063001949BE /* LaunchScreen.storyboard in Resources */ = {isa = PBXBuildFile; fileRef = 07BBB0B823AD1063001949BE /* LaunchScreen.storyboard */; };
		07BBB0CA23AD16B1001949BE /* GameCell.swift in Sources */ = {isa = PBXBuildFile; fileRef = 07BBB0C823AD16B1001949BE /* GameCell.swift */; };
		07BBB0CB23AD16B1001949BE /* GameCell.xib in Resources */ = {isa = PBXBuildFile; fileRef = 07BBB0C923AD16B1001949BE /* GameCell.xib */; };
		07BBB0CD23AD1FA2001949BE /* Game.swift in Sources */ = {isa = PBXBuildFile; fileRef = 07BBB0CC23AD1FA2001949BE /* Game.swift */; };
		07BBB0CF23AD2019001949BE /* UIViewController.swift in Sources */ = {isa = PBXBuildFile; fileRef = 07BBB0CE23AD2019001949BE /* UIViewController.swift */; };
		07BBB0D123AD30FE001949BE /* URLs.swift in Sources */ = {isa = PBXBuildFile; fileRef = 07BBB0D023AD30FE001949BE /* URLs.swift */; };
		07BBB0D323AD315F001949BE /* APIManager.swift in Sources */ = {isa = PBXBuildFile; fileRef = 07BBB0D223AD315F001949BE /* APIManager.swift */; };
		07BBB0DA23AD5252001949BE /* GenreCell.swift in Sources */ = {isa = PBXBuildFile; fileRef = 07BBB0D823AD5252001949BE /* GenreCell.swift */; };
		07BBB0DB23AD5252001949BE /* GenreCell.xib in Resources */ = {isa = PBXBuildFile; fileRef = 07BBB0D923AD5252001949BE /* GenreCell.xib */; };
		07BBB0DD23AD57A0001949BE /* Genre.swift in Sources */ = {isa = PBXBuildFile; fileRef = 07BBB0DC23AD57A0001949BE /* Genre.swift */; };
		07C8167623D2792500C506E1 /* Stores.json in Resources */ = {isa = PBXBuildFile; fileRef = 07C8167523D2792500C506E1 /* Stores.json */; };
		07D1ABBB23C6679E004C85E9 /* PlatformCell.swift in Sources */ = {isa = PBXBuildFile; fileRef = 07D1ABB923C6679E004C85E9 /* PlatformCell.swift */; };
		07D1ABBC23C6679E004C85E9 /* PlatformCell.xib in Resources */ = {isa = PBXBuildFile; fileRef = 07D1ABBA23C6679E004C85E9 /* PlatformCell.xib */; };
		07F8509023D1E8B600E7351C /* SearchVC.swift in Sources */ = {isa = PBXBuildFile; fileRef = 07F8508F23D1E8B600E7351C /* SearchVC.swift */; };
		07F8509223D1E91600E7351C /* StoresVC.swift in Sources */ = {isa = PBXBuildFile; fileRef = 07F8509123D1E91600E7351C /* StoresVC.swift */; };
		CA9E16D7CEFB9822A58C52AA /* Pods_Game_Geek.framework in Frameworks */ = {isa = PBXBuildFile; fileRef = 9DE335F4206E428DF5C86BBE /* Pods_Game_Geek.framework */; };
/* End PBXBuildFile section */

/* Begin PBXFileReference section */
		07222FC123D350DA000C4E95 /* ScreenShotCell.swift */ = {isa = PBXFileReference; lastKnownFileType = sourcecode.swift; path = ScreenShotCell.swift; sourceTree = "<group>"; };
		07222FC223D350DA000C4E95 /* ScreenShotCell.xib */ = {isa = PBXFileReference; lastKnownFileType = file.xib; path = ScreenShotCell.xib; sourceTree = "<group>"; };
		074F5D3C23C610160044DAEA /* GameDetailVC.swift */ = {isa = PBXFileReference; lastKnownFileType = sourcecode.swift; path = GameDetailVC.swift; sourceTree = "<group>"; };
		075D5FCE23DC9BFA00252E82 /* StoreDetailsVC.swift */ = {isa = PBXFileReference; lastKnownFileType = sourcecode.swift; path = StoreDetailsVC.swift; sourceTree = "<group>"; };
		0780A72823D1F10100262483 /* TabBarVC.swift */ = {isa = PBXFileReference; lastKnownFileType = sourcecode.swift; path = TabBarVC.swift; sourceTree = "<group>"; };
		0780A74A23D208BD00262483 /* GameDetails.swift */ = {isa = PBXFileReference; lastKnownFileType = sourcecode.swift; path = GameDetails.swift; sourceTree = "<group>"; };
		0780A74C23D24B0200262483 /* Store.swift */ = {isa = PBXFileReference; lastKnownFileType = sourcecode.swift; path = Store.swift; sourceTree = "<group>"; };
		0780A74F23D24EE700262483 /* StoreCell.swift */ = {isa = PBXFileReference; lastKnownFileType = sourcecode.swift; path = StoreCell.swift; sourceTree = "<group>"; };
		0780A75023D24EE700262483 /* StoreCell.xib */ = {isa = PBXFileReference; lastKnownFileType = file.xib; path = StoreCell.xib; sourceTree = "<group>"; };
		07BBB0AA23AD1060001949BE /* Game Geek.app */ = {isa = PBXFileReference; explicitFileType = wrapper.application; includeInIndex = 0; path = "Game Geek.app"; sourceTree = BUILT_PRODUCTS_DIR; };
		07BBB0AD23AD1060001949BE /* AppDelegate.swift */ = {isa = PBXFileReference; lastKnownFileType = sourcecode.swift; path = AppDelegate.swift; sourceTree = "<group>"; };
		07BBB0AF23AD1060001949BE /* SceneDelegate.swift */ = {isa = PBXFileReference; lastKnownFileType = sourcecode.swift; path = SceneDelegate.swift; sourceTree = "<group>"; };
		07BBB0B123AD1060001949BE /* HomeVC.swift */ = {isa = PBXFileReference; lastKnownFileType = sourcecode.swift; path = HomeVC.swift; sourceTree = "<group>"; };
		07BBB0B423AD1060001949BE /* Base */ = {isa = PBXFileReference; lastKnownFileType = file.storyboard; name = Base; path = Base.lproj/Main.storyboard; sourceTree = "<group>"; };
		07BBB0B623AD1063001949BE /* Assets.xcassets */ = {isa = PBXFileReference; lastKnownFileType = folder.assetcatalog; path = Assets.xcassets; sourceTree = "<group>"; };
		07BBB0B923AD1063001949BE /* Base */ = {isa = PBXFileReference; lastKnownFileType = file.storyboard; name = Base; path = Base.lproj/LaunchScreen.storyboard; sourceTree = "<group>"; };
		07BBB0BB23AD1063001949BE /* Info.plist */ = {isa = PBXFileReference; lastKnownFileType = text.plist.xml; path = Info.plist; sourceTree = "<group>"; };
		07BBB0C823AD16B1001949BE /* GameCell.swift */ = {isa = PBXFileReference; lastKnownFileType = sourcecode.swift; path = GameCell.swift; sourceTree = "<group>"; };
		07BBB0C923AD16B1001949BE /* GameCell.xib */ = {isa = PBXFileReference; lastKnownFileType = file.xib; path = GameCell.xib; sourceTree = "<group>"; };
		07BBB0CC23AD1FA2001949BE /* Game.swift */ = {isa = PBXFileReference; lastKnownFileType = sourcecode.swift; path = Game.swift; sourceTree = "<group>"; };
		07BBB0CE23AD2019001949BE /* UIViewController.swift */ = {isa = PBXFileReference; lastKnownFileType = sourcecode.swift; path = UIViewController.swift; sourceTree = "<group>"; };
		07BBB0D023AD30FE001949BE /* URLs.swift */ = {isa = PBXFileReference; lastKnownFileType = sourcecode.swift; path = URLs.swift; sourceTree = "<group>"; };
		07BBB0D223AD315F001949BE /* APIManager.swift */ = {isa = PBXFileReference; lastKnownFileType = sourcecode.swift; path = APIManager.swift; sourceTree = "<group>"; };
		07BBB0D823AD5252001949BE /* GenreCell.swift */ = {isa = PBXFileReference; lastKnownFileType = sourcecode.swift; path = GenreCell.swift; sourceTree = "<group>"; };
		07BBB0D923AD5252001949BE /* GenreCell.xib */ = {isa = PBXFileReference; lastKnownFileType = file.xib; path = GenreCell.xib; sourceTree = "<group>"; };
		07BBB0DC23AD57A0001949BE /* Genre.swift */ = {isa = PBXFileReference; lastKnownFileType = sourcecode.swift; path = Genre.swift; sourceTree = "<group>"; };
		07C8167523D2792500C506E1 /* Stores.json */ = {isa = PBXFileReference; fileEncoding = 4; lastKnownFileType = text.json; path = Stores.json; sourceTree = "<group>"; };
		07D1ABB923C6679E004C85E9 /* PlatformCell.swift */ = {isa = PBXFileReference; lastKnownFileType = sourcecode.swift; path = PlatformCell.swift; sourceTree = "<group>"; };
		07D1ABBA23C6679E004C85E9 /* PlatformCell.xib */ = {isa = PBXFileReference; lastKnownFileType = file.xib; path = PlatformCell.xib; sourceTree = "<group>"; };
		07F8508F23D1E8B600E7351C /* SearchVC.swift */ = {isa = PBXFileReference; lastKnownFileType = sourcecode.swift; path = SearchVC.swift; sourceTree = "<group>"; };
		07F8509123D1E91600E7351C /* StoresVC.swift */ = {isa = PBXFileReference; lastKnownFileType = sourcecode.swift; path = StoresVC.swift; sourceTree = "<group>"; };
		1178A65511A0A9E2AD1054A7 /* Pods-Game Geek.release.xcconfig */ = {isa = PBXFileReference; includeInIndex = 1; lastKnownFileType = text.xcconfig; name = "Pods-Game Geek.release.xcconfig"; path = "Target Support Files/Pods-Game Geek/Pods-Game Geek.release.xcconfig"; sourceTree = "<group>"; };
		186A4CFBA1C5C7637E000CB9 /* Pods-Game Geek.debug.xcconfig */ = {isa = PBXFileReference; includeInIndex = 1; lastKnownFileType = text.xcconfig; name = "Pods-Game Geek.debug.xcconfig"; path = "Target Support Files/Pods-Game Geek/Pods-Game Geek.debug.xcconfig"; sourceTree = "<group>"; };
		9DE335F4206E428DF5C86BBE /* Pods_Game_Geek.framework */ = {isa = PBXFileReference; explicitFileType = wrapper.framework; includeInIndex = 0; path = Pods_Game_Geek.framework; sourceTree = BUILT_PRODUCTS_DIR; };
/* End PBXFileReference section */

/* Begin PBXFrameworksBuildPhase section */
		07BBB0A723AD1060001949BE /* Frameworks */ = {
			isa = PBXFrameworksBuildPhase;
			buildActionMask = 2147483647;
			files = (
				CA9E16D7CEFB9822A58C52AA /* Pods_Game_Geek.framework in Frameworks */,
			);
			runOnlyForDeploymentPostprocessing = 0;
		};
/* End PBXFrameworksBuildPhase section */

/* Begin PBXGroup section */
		07222FC023D35076000C4E95 /* Screen Shots Collection Cell */ = {
			isa = PBXGroup;
			children = (
				07222FC123D350DA000C4E95 /* ScreenShotCell.swift */,
				07222FC223D350DA000C4E95 /* ScreenShotCell.xib */,
			);
			path = "Screen Shots Collection Cell";
			sourceTree = "<group>";
		};
		0763DC3923AE669B00459345 /* Storyboards */ = {
			isa = PBXGroup;
			children = (
				07BBB0B823AD1063001949BE /* LaunchScreen.storyboard */,
				07BBB0B323AD1060001949BE /* Main.storyboard */,
			);
			path = Storyboards;
			sourceTree = "<group>";
		};
		0780A74E23D24CC700262483 /* Stores Collection Cell */ = {
			isa = PBXGroup;
			children = (
				0780A74F23D24EE700262483 /* StoreCell.swift */,
				0780A75023D24EE700262483 /* StoreCell.xib */,
			);
			path = "Stores Collection Cell";
			sourceTree = "<group>";
		};
		07BBB0A123AD1060001949BE = {
			isa = PBXGroup;
			children = (
				07BBB0AC23AD1060001949BE /* Game Geek */,
				07BBB0AB23AD1060001949BE /* Products */,
				1E40A73A70457F3AFFD308AB /* Pods */,
				6D97E62A5FBE663EFA0CFBAA /* Frameworks */,
			);
			sourceTree = "<group>";
		};
		07BBB0AB23AD1060001949BE /* Products */ = {
			isa = PBXGroup;
			children = (
				07BBB0AA23AD1060001949BE /* Game Geek.app */,
			);
			name = Products;
			sourceTree = "<group>";
		};
		07BBB0AC23AD1060001949BE /* Game Geek */ = {
			isa = PBXGroup;
			children = (
				07BBB0AD23AD1060001949BE /* AppDelegate.swift */,
				07BBB0AF23AD1060001949BE /* SceneDelegate.swift */,
				07C8167423D278FF00C506E1 /* Resources */,
				07BBB0C523AD10A7001949BE /* Extensions */,
				07BBB0C423AD109D001949BE /* API */,
				07BBB0C323AD1094001949BE /* Model */,
				07BBB0C223AD108B001949BE /* View */,
				07BBB0C123AD1080001949BE /* Controller */,
				07BBB0B623AD1063001949BE /* Assets.xcassets */,
				07BBB0BB23AD1063001949BE /* Info.plist */,
			);
			path = "Game Geek";
			sourceTree = "<group>";
		};
		07BBB0C123AD1080001949BE /* Controller */ = {
			isa = PBXGroup;
			children = (
				0780A72823D1F10100262483 /* TabBarVC.swift */,
				07F8508E23D1E86F00E7351C /* Stores Controllers */,
				07F8508C23D1E15500E7351C /* Home Controllers */,
				07F8508D23D1E85D00E7351C /* Search Controllers */,
			);
			path = Controller;
			sourceTree = "<group>";
		};
		07BBB0C223AD108B001949BE /* View */ = {
			isa = PBXGroup;
			children = (
				0763DC3923AE669B00459345 /* Storyboards */,
				07BBB0C723AD161A001949BE /* Genres Collection Cell */,
				07BBB0C623AD1616001949BE /* Games Table Cell */,
				07D1ABB823C66740004C85E9 /* Platfom Collection Cell */,
				0780A74E23D24CC700262483 /* Stores Collection Cell */,
				07222FC023D35076000C4E95 /* Screen Shots Collection Cell */,
			);
			path = View;
			sourceTree = "<group>";
		};
		07BBB0C323AD1094001949BE /* Model */ = {
			isa = PBXGroup;
			children = (
				07BBB0DC23AD57A0001949BE /* Genre.swift */,
				07BBB0CC23AD1FA2001949BE /* Game.swift */,
				0780A74A23D208BD00262483 /* GameDetails.swift */,
				0780A74C23D24B0200262483 /* Store.swift */,
			);
			path = Model;
			sourceTree = "<group>";
		};
		07BBB0C423AD109D001949BE /* API */ = {
			isa = PBXGroup;
			children = (
				07BBB0D023AD30FE001949BE /* URLs.swift */,
				07BBB0D223AD315F001949BE /* APIManager.swift */,
			);
			path = API;
			sourceTree = "<group>";
		};
		07BBB0C523AD10A7001949BE /* Extensions */ = {
			isa = PBXGroup;
			children = (
				07BBB0CE23AD2019001949BE /* UIViewController.swift */,
			);
			path = Extensions;
			sourceTree = "<group>";
		};
		07BBB0C623AD1616001949BE /* Games Table Cell */ = {
			isa = PBXGroup;
			children = (
				07BBB0C823AD16B1001949BE /* GameCell.swift */,
				07BBB0C923AD16B1001949BE /* GameCell.xib */,
			);
			path = "Games Table Cell";
			sourceTree = "<group>";
		};
		07BBB0C723AD161A001949BE /* Genres Collection Cell */ = {
			isa = PBXGroup;
			children = (
				07BBB0D823AD5252001949BE /* GenreCell.swift */,
				07BBB0D923AD5252001949BE /* GenreCell.xib */,
			);
			path = "Genres Collection Cell";
			sourceTree = "<group>";
		};
		07C8167423D278FF00C506E1 /* Resources */ = {
			isa = PBXGroup;
			children = (
				07C8167523D2792500C506E1 /* Stores.json */,
			);
			path = Resources;
			sourceTree = "<group>";
		};
		07D1ABB823C66740004C85E9 /* Platfom Collection Cell */ = {
			isa = PBXGroup;
			children = (
				07D1ABB923C6679E004C85E9 /* PlatformCell.swift */,
				07D1ABBA23C6679E004C85E9 /* PlatformCell.xib */,
			);
			path = "Platfom Collection Cell";
			sourceTree = "<group>";
		};
		07F8508C23D1E15500E7351C /* Home Controllers */ = {
			isa = PBXGroup;
			children = (
				07BBB0B123AD1060001949BE /* HomeVC.swift */,
				074F5D3C23C610160044DAEA /* GameDetailVC.swift */,
			);
			path = "Home Controllers";
			sourceTree = "<group>";
		};
		07F8508D23D1E85D00E7351C /* Search Controllers */ = {
			isa = PBXGroup;
			children = (
				07F8508F23D1E8B600E7351C /* SearchVC.swift */,
			);
			path = "Search Controllers";
			sourceTree = "<group>";
		};
		07F8508E23D1E86F00E7351C /* Stores Controllers */ = {
			isa = PBXGroup;
			children = (
				07F8509123D1E91600E7351C /* StoresVC.swift */,
				075D5FCE23DC9BFA00252E82 /* StoreDetailsVC.swift */,
			);
			path = "Stores Controllers";
			sourceTree = "<group>";
		};
		1E40A73A70457F3AFFD308AB /* Pods */ = {
			isa = PBXGroup;
			children = (
				186A4CFBA1C5C7637E000CB9 /* Pods-Game Geek.debug.xcconfig */,
				1178A65511A0A9E2AD1054A7 /* Pods-Game Geek.release.xcconfig */,
			);
			path = Pods;
			sourceTree = "<group>";
		};
		6D97E62A5FBE663EFA0CFBAA /* Frameworks */ = {
			isa = PBXGroup;
			children = (
				9DE335F4206E428DF5C86BBE /* Pods_Game_Geek.framework */,
			);
			name = Frameworks;
			sourceTree = "<group>";
		};
/* End PBXGroup section */

/* Begin PBXNativeTarget section */
		07BBB0A923AD1060001949BE /* Game Geek */ = {
			isa = PBXNativeTarget;
			buildConfigurationList = 07BBB0BE23AD1063001949BE /* Build configuration list for PBXNativeTarget "Game Geek" */;
			buildPhases = (
				F33E28E14C0DD10C846D8830 /* [CP] Check Pods Manifest.lock */,
				07BBB0A623AD1060001949BE /* Sources */,
				07BBB0A723AD1060001949BE /* Frameworks */,
				07BBB0A823AD1060001949BE /* Resources */,
				93F6E86DE484441D8A12BDF4 /* [CP] Embed Pods Frameworks */,
			);
			buildRules = (
			);
			dependencies = (
			);
			name = "Game Geek";
			productName = "Game Geek";
			productReference = 07BBB0AA23AD1060001949BE /* Game Geek.app */;
			productType = "com.apple.product-type.application";
		};
/* End PBXNativeTarget section */

/* Begin PBXProject section */
		07BBB0A223AD1060001949BE /* Project object */ = {
			isa = PBXProject;
			attributes = {
				LastSwiftUpdateCheck = 1130;
				LastUpgradeCheck = 1130;
				ORGANIZATIONNAME = "Omar Mohamed";
				TargetAttributes = {
					07BBB0A923AD1060001949BE = {
						CreatedOnToolsVersion = 11.3;
					};
				};
			};
			buildConfigurationList = 07BBB0A523AD1060001949BE /* Build configuration list for PBXProject "Game Geek" */;
			compatibilityVersion = "Xcode 9.3";
			developmentRegion = en;
			hasScannedForEncodings = 0;
			knownRegions = (
				en,
				Base,
			);
			mainGroup = 07BBB0A123AD1060001949BE;
			productRefGroup = 07BBB0AB23AD1060001949BE /* Products */;
			projectDirPath = "";
			projectRoot = "";
			targets = (
				07BBB0A923AD1060001949BE /* Game Geek */,
			);
		};
/* End PBXProject section */

/* Begin PBXResourcesBuildPhase section */
		07BBB0A823AD1060001949BE /* Resources */ = {
			isa = PBXResourcesBuildPhase;
			buildActionMask = 2147483647;
			files = (
				07D1ABBC23C6679E004C85E9 /* PlatformCell.xib in Resources */,
				0780A75223D24EE700262483 /* StoreCell.xib in Resources */,
				07222FC423D350DA000C4E95 /* ScreenShotCell.xib in Resources */,
				07BBB0BA23AD1063001949BE /* LaunchScreen.storyboard in Resources */,
				07C8167623D2792500C506E1 /* Stores.json in Resources */,
				07BBB0B723AD1063001949BE /* Assets.xcassets in Resources */,
				07BBB0B523AD1060001949BE /* Main.storyboard in Resources */,
				07BBB0CB23AD16B1001949BE /* GameCell.xib in Resources */,
				07BBB0DB23AD5252001949BE /* GenreCell.xib in Resources */,
			);
			runOnlyForDeploymentPostprocessing = 0;
		};
/* End PBXResourcesBuildPhase section */

/* Begin PBXShellScriptBuildPhase section */
		93F6E86DE484441D8A12BDF4 /* [CP] Embed Pods Frameworks */ = {
			isa = PBXShellScriptBuildPhase;
			buildActionMask = 2147483647;
			files = (
			);
			inputFileListPaths = (
				"${PODS_ROOT}/Target Support Files/Pods-Game Geek/Pods-Game Geek-frameworks-${CONFIGURATION}-input-files.xcfilelist",
			);
			name = "[CP] Embed Pods Frameworks";
			outputFileListPaths = (
				"${PODS_ROOT}/Target Support Files/Pods-Game Geek/Pods-Game Geek-frameworks-${CONFIGURATION}-output-files.xcfilelist",
			);
			runOnlyForDeploymentPostprocessing = 0;
			shellPath = /bin/sh;
			shellScript = "\"${PODS_ROOT}/Target Support Files/Pods-Game Geek/Pods-Game Geek-frameworks.sh\"\n";
			showEnvVarsInLog = 0;
		};
		F33E28E14C0DD10C846D8830 /* [CP] Check Pods Manifest.lock */ = {
			isa = PBXShellScriptBuildPhase;
			buildActionMask = 2147483647;
			files = (
			);
			inputFileListPaths = (
			);
			inputPaths = (
				"${PODS_PODFILE_DIR_PATH}/Podfile.lock",
				"${PODS_ROOT}/Manifest.lock",
			);
			name = "[CP] Check Pods Manifest.lock";
			outputFileListPaths = (
			);
			outputPaths = (
				"$(DERIVED_FILE_DIR)/Pods-Game Geek-checkManifestLockResult.txt",
			);
			runOnlyForDeploymentPostprocessing = 0;
			shellPath = /bin/sh;
			shellScript = "diff \"${PODS_PODFILE_DIR_PATH}/Podfile.lock\" \"${PODS_ROOT}/Manifest.lock\" > /dev/null\nif [ $? != 0 ] ; then\n    # print error to STDERR\n    echo \"error: The sandbox is not in sync with the Podfile.lock. Run 'pod install' or update your CocoaPods installation.\" >&2\n    exit 1\nfi\n# This output is used by Xcode 'outputs' to avoid re-running this script phase.\necho \"SUCCESS\" > \"${SCRIPT_OUTPUT_FILE_0}\"\n";
			showEnvVarsInLog = 0;
		};
/* End PBXShellScriptBuildPhase section */

/* Begin PBXSourcesBuildPhase section */
		07BBB0A623AD1060001949BE /* Sources */ = {
			isa = PBXSourcesBuildPhase;
			buildActionMask = 2147483647;
			files = (
				07222FC323D350DA000C4E95 /* ScreenShotCell.swift in Sources */,
				074F5D3D23C610160044DAEA /* GameDetailVC.swift in Sources */,
				07BBB0D323AD315F001949BE /* APIManager.swift in Sources */,
				07F8509223D1E91600E7351C /* StoresVC.swift in Sources */,
				07D1ABBB23C6679E004C85E9 /* PlatformCell.swift in Sources */,
				07BBB0B223AD1060001949BE /* HomeVC.swift in Sources */,
				0780A75123D24EE700262483 /* StoreCell.swift in Sources */,
				07BBB0CD23AD1FA2001949BE /* Game.swift in Sources */,
				07BBB0CF23AD2019001949BE /* UIViewController.swift in Sources */,
				0780A72923D1F10100262483 /* TabBarVC.swift in Sources */,
				07BBB0D123AD30FE001949BE /* URLs.swift in Sources */,
				075D5FCF23DC9BFA00252E82 /* StoreDetailsVC.swift in Sources */,
				07BBB0DA23AD5252001949BE /* GenreCell.swift in Sources */,
				0780A74D23D24B0200262483 /* Store.swift in Sources */,
				07BBB0AE23AD1060001949BE /* AppDelegate.swift in Sources */,
				07BBB0B023AD1060001949BE /* SceneDelegate.swift in Sources */,
				0780A74B23D208BD00262483 /* GameDetails.swift in Sources */,
				07F8509023D1E8B600E7351C /* SearchVC.swift in Sources */,
				07BBB0CA23AD16B1001949BE /* GameCell.swift in Sources */,
				07BBB0DD23AD57A0001949BE /* Genre.swift in Sources */,
			);
			runOnlyForDeploymentPostprocessing = 0;
		};
/* End PBXSourcesBuildPhase section */

/* Begin PBXVariantGroup section */
		07BBB0B323AD1060001949BE /* Main.storyboard */ = {
			isa = PBXVariantGroup;
			children = (
				07BBB0B423AD1060001949BE /* Base */,
			);
			name = Main.storyboard;
			sourceTree = "<group>";
		};
		07BBB0B823AD1063001949BE /* LaunchScreen.storyboard */ = {
			isa = PBXVariantGroup;
			children = (
				07BBB0B923AD1063001949BE /* Base */,
			);
			name = LaunchScreen.storyboard;
			sourceTree = "<group>";
		};
/* End PBXVariantGroup section */

/* Begin XCBuildConfiguration section */
		07BBB0BC23AD1063001949BE /* Debug */ = {
			isa = XCBuildConfiguration;
			buildSettings = {
				ALWAYS_SEARCH_USER_PATHS = NO;
				CLANG_ANALYZER_NONNULL = YES;
				CLANG_ANALYZER_NUMBER_OBJECT_CONVERSION = YES_AGGRESSIVE;
				CLANG_CXX_LANGUAGE_STANDARD = "gnu++14";
				CLANG_CXX_LIBRARY = "libc++";
				CLANG_ENABLE_MODULES = YES;
				CLANG_ENABLE_OBJC_ARC = YES;
				CLANG_ENABLE_OBJC_WEAK = YES;
				CLANG_WARN_BLOCK_CAPTURE_AUTORELEASING = YES;
				CLANG_WARN_BOOL_CONVERSION = YES;
				CLANG_WARN_COMMA = YES;
				CLANG_WARN_CONSTANT_CONVERSION = YES;
				CLANG_WARN_DEPRECATED_OBJC_IMPLEMENTATIONS = YES;
				CLANG_WARN_DIRECT_OBJC_ISA_USAGE = YES_ERROR;
				CLANG_WARN_DOCUMENTATION_COMMENTS = YES;
				CLANG_WARN_EMPTY_BODY = YES;
				CLANG_WARN_ENUM_CONVERSION = YES;
				CLANG_WARN_INFINITE_RECURSION = YES;
				CLANG_WARN_INT_CONVERSION = YES;
				CLANG_WARN_NON_LITERAL_NULL_CONVERSION = YES;
				CLANG_WARN_OBJC_IMPLICIT_RETAIN_SELF = YES;
				CLANG_WARN_OBJC_LITERAL_CONVERSION = YES;
				CLANG_WARN_OBJC_ROOT_CLASS = YES_ERROR;
				CLANG_WARN_RANGE_LOOP_ANALYSIS = YES;
				CLANG_WARN_STRICT_PROTOTYPES = YES;
				CLANG_WARN_SUSPICIOUS_MOVE = YES;
				CLANG_WARN_UNGUARDED_AVAILABILITY = YES_AGGRESSIVE;
				CLANG_WARN_UNREACHABLE_CODE = YES;
				CLANG_WARN__DUPLICATE_METHOD_MATCH = YES;
				COPY_PHASE_STRIP = NO;
				DEBUG_INFORMATION_FORMAT = dwarf;
				ENABLE_STRICT_OBJC_MSGSEND = YES;
				ENABLE_TESTABILITY = YES;
				GCC_C_LANGUAGE_STANDARD = gnu11;
				GCC_DYNAMIC_NO_PIC = NO;
				GCC_NO_COMMON_BLOCKS = YES;
				GCC_OPTIMIZATION_LEVEL = 0;
				GCC_PREPROCESSOR_DEFINITIONS = (
					"DEBUG=1",
					"$(inherited)",
				);
				GCC_WARN_64_TO_32_BIT_CONVERSION = YES;
				GCC_WARN_ABOUT_RETURN_TYPE = YES_ERROR;
				GCC_WARN_UNDECLARED_SELECTOR = YES;
				GCC_WARN_UNINITIALIZED_AUTOS = YES_AGGRESSIVE;
				GCC_WARN_UNUSED_FUNCTION = YES;
				GCC_WARN_UNUSED_VARIABLE = YES;
				IPHONEOS_DEPLOYMENT_TARGET = 13.0;
				MTL_ENABLE_DEBUG_INFO = INCLUDE_SOURCE;
				MTL_FAST_MATH = YES;
				ONLY_ACTIVE_ARCH = YES;
				SDKROOT = iphoneos;
				SWIFT_ACTIVE_COMPILATION_CONDITIONS = DEBUG;
				SWIFT_OPTIMIZATION_LEVEL = "-Onone";
			};
			name = Debug;
		};
		07BBB0BD23AD1063001949BE /* Release */ = {
			isa = XCBuildConfiguration;
			buildSettings = {
				ALWAYS_SEARCH_USER_PATHS = NO;
				CLANG_ANALYZER_NONNULL = YES;
				CLANG_ANALYZER_NUMBER_OBJECT_CONVERSION = YES_AGGRESSIVE;
				CLANG_CXX_LANGUAGE_STANDARD = "gnu++14";
				CLANG_CXX_LIBRARY = "libc++";
				CLANG_ENABLE_MODULES = YES;
				CLANG_ENABLE_OBJC_ARC = YES;
				CLANG_ENABLE_OBJC_WEAK = YES;
				CLANG_WARN_BLOCK_CAPTURE_AUTORELEASING = YES;
				CLANG_WARN_BOOL_CONVERSION = YES;
				CLANG_WARN_COMMA = YES;
				CLANG_WARN_CONSTANT_CONVERSION = YES;
				CLANG_WARN_DEPRECATED_OBJC_IMPLEMENTATIONS = YES;
				CLANG_WARN_DIRECT_OBJC_ISA_USAGE = YES_ERROR;
				CLANG_WARN_DOCUMENTATION_COMMENTS = YES;
				CLANG_WARN_EMPTY_BODY = YES;
				CLANG_WARN_ENUM_CONVERSION = YES;
				CLANG_WARN_INFINITE_RECURSION = YES;
				CLANG_WARN_INT_CONVERSION = YES;
				CLANG_WARN_NON_LITERAL_NULL_CONVERSION = YES;
				CLANG_WARN_OBJC_IMPLICIT_RETAIN_SELF = YES;
				CLANG_WARN_OBJC_LITERAL_CONVERSION = YES;
				CLANG_WARN_OBJC_ROOT_CLASS = YES_ERROR;
				CLANG_WARN_RANGE_LOOP_ANALYSIS = YES;
				CLANG_WARN_STRICT_PROTOTYPES = YES;
				CLANG_WARN_SUSPICIOUS_MOVE = YES;
				CLANG_WARN_UNGUARDED_AVAILABILITY = YES_AGGRESSIVE;
				CLANG_WARN_UNREACHABLE_CODE = YES;
				CLANG_WARN__DUPLICATE_METHOD_MATCH = YES;
				COPY_PHASE_STRIP = NO;
				DEBUG_INFORMATION_FORMAT = "dwarf-with-dsym";
				ENABLE_NS_ASSERTIONS = NO;
				ENABLE_STRICT_OBJC_MSGSEND = YES;
				GCC_C_LANGUAGE_STANDARD = gnu11;
				GCC_NO_COMMON_BLOCKS = YES;
				GCC_WARN_64_TO_32_BIT_CONVERSION = YES;
				GCC_WARN_ABOUT_RETURN_TYPE = YES_ERROR;
				GCC_WARN_UNDECLARED_SELECTOR = YES;
				GCC_WARN_UNINITIALIZED_AUTOS = YES_AGGRESSIVE;
				GCC_WARN_UNUSED_FUNCTION = YES;
				GCC_WARN_UNUSED_VARIABLE = YES;
				IPHONEOS_DEPLOYMENT_TARGET = 13.0;
				MTL_ENABLE_DEBUG_INFO = NO;
				MTL_FAST_MATH = YES;
				SDKROOT = iphoneos;
				SWIFT_COMPILATION_MODE = wholemodule;
				SWIFT_OPTIMIZATION_LEVEL = "-O";
				VALIDATE_PRODUCT = YES;
			};
			name = Release;
		};
		07BBB0BF23AD1063001949BE /* Debug */ = {
			isa = XCBuildConfiguration;
			baseConfigurationReference = 186A4CFBA1C5C7637E000CB9 /* Pods-Game Geek.debug.xcconfig */;
			buildSettings = {
				ASSETCATALOG_COMPILER_APPICON_NAME = AppIcon;
				CODE_SIGN_STYLE = Automatic;
				DEVELOPMENT_TEAM = STSM2F76RA;
				INFOPLIST_FILE = "Game Geek/Info.plist";
				LD_RUNPATH_SEARCH_PATHS = (
					"$(inherited)",
					"@executable_path/Frameworks",
				);
				PRODUCT_BUNDLE_IDENTIFIER = "com.Omar.Game-Geek";
				PRODUCT_NAME = "$(TARGET_NAME)";
				SWIFT_VERSION = 5.0;
				TARGETED_DEVICE_FAMILY = "1,2";
			};
			name = Debug;
		};
		07BBB0C023AD1063001949BE /* Release */ = {
			isa = XCBuildConfiguration;
			baseConfigurationReference = 1178A65511A0A9E2AD1054A7 /* Pods-Game Geek.release.xcconfig */;
			buildSettings = {
				ASSETCATALOG_COMPILER_APPICON_NAME = AppIcon;
				CODE_SIGN_STYLE = Automatic;
				DEVELOPMENT_TEAM = STSM2F76RA;
				INFOPLIST_FILE = "Game Geek/Info.plist";
				LD_RUNPATH_SEARCH_PATHS = (
					"$(inherited)",
					"@executable_path/Frameworks",
				);
				PRODUCT_BUNDLE_IDENTIFIER = "com.Omar.Game-Geek";
				PRODUCT_NAME = "$(TARGET_NAME)";
				SWIFT_VERSION = 5.0;
				TARGETED_DEVICE_FAMILY = "1,2";
			};
			name = Release;
		};
/* End XCBuildConfiguration section */

/* Begin XCConfigurationList section */
		07BBB0A523AD1060001949BE /* Build configuration list for PBXProject "Game Geek" */ = {
			isa = XCConfigurationList;
			buildConfigurations = (
				07BBB0BC23AD1063001949BE /* Debug */,
				07BBB0BD23AD1063001949BE /* Release */,
			);
			defaultConfigurationIsVisible = 0;
			defaultConfigurationName = Release;
		};
		07BBB0BE23AD1063001949BE /* Build configuration list for PBXNativeTarget "Game Geek" */ = {
			isa = XCConfigurationList;
			buildConfigurations = (
				07BBB0BF23AD1063001949BE /* Debug */,
				07BBB0C023AD1063001949BE /* Release */,
			);
			defaultConfigurationIsVisible = 0;
			defaultConfigurationName = Release;
		};
/* End XCConfigurationList section */
	};
	rootObject = 07BBB0A223AD1060001949BE /* Project object */;
}
